<?xml version="1.0" encoding="utf-8"?>
<Project ToolsVersion="4.0" xmlns="http://schemas.microsoft.com/developer/msbuild/2003">
  <ItemGroup>
    <ClCompile Include="src\main.cpp" />
    <ClCompile Include="src\pch.cpp" />
    <ClCompile Include="src\graphics\window.cpp" />
    <ClCompile Include="src\application\application.cpp" />
    <ClCompile Include="src\graphics\windowcontainer.cpp" />
    <ClCompile Include="src\graphics\renderwindow.cpp" />
    <ClCompile Include="src\resource\resourcemanager.cpp" />
    <ClCompile Include="src\graphics\widget.cpp" />
    <ClCompile Include="src\subwindows\subwindow_status.cpp" />
    <ClCompile Include="src\config\appconfig.cpp" />
    <ClCompile Include="src\graphics\widgetmanager.cpp" />
    <ClCompile Include="src\graphics\subwindow.cpp" />
    <ClCompile Include="src\graphics\widgetbase.cpp" />
    <ClCompile Include="src\subwindows\subwindow_menubar.cpp" />
  </ItemGroup>
  <ItemGroup>
    <ClInclude Include="src\pch.h" />
    <ClInclude Include="src\graphics\window.h" />
    <ClInclude Include="src\graphics\colorscheme.h" />
    <ClInclude Include="src\config\themes.h" />
    <ClInclude Include="src\application\application.h" />
    <ClInclude Include="src\graphics\windowcontainer.h" />
    <ClInclude Include="src\util\asserts.h" />
    <ClInclude Include="src\util\random.h" />
    <ClInclude Include="src\graphics\windowcommon.h" />
    <ClInclude Include="src\util\tostring.h" />
    <ClInclude Include="src\graphics\renderwindow.h" />
    <ClInclude Include="src\util\time.h" />
    <ClInclude Include="src\util\math.h" />
    <ClInclude Include="src\graphics\subwindow.h" />
    <ClInclude Include="src\math\math.h" />
    <ClInclude Include="src\subwindows\subwindow_tasktracking.h" />
    <ClInclude Include="src\subwindows\subwindow_properties.h" />
    <ClInclude Include="src\subwindows\subwindow_status.h" />
    <ClInclude Include="src\subwindows\subwindow_menubar.h" />
    <ClInclude Include="src\config\staticconfig.h" />
    <ClInclude Include="src\util\proxy.h" />
    <ClInclude Include="src\resource\resourcemanager.h" />
    <ClInclude Include="src\graphics\widget.h" />
    <ClInclude Include="src\config\appconfig.h" />
    <ClInclude Include="src\external\nlohmann_json.hpp" />
    <ClInclude Include="src\external\nlohmann_json_fwd.hpp" />
    <ClInclude Include="src\util\json.h" />
    <ClInclude Include="src\graphics\widgetbase.h" />
    <ClInclude Include="src\containers\inplacevector.h" />
    <ClInclude Include="src\graphics\widgetmanager.h" />
    <ClInclude Include="src\util\typehelper.h" />
    <ClInclude Include="src\graphics\widgetsize.h" />
  </ItemGroup>
  <ItemGroup>
    <Natvis Include="src\taskorganizer.natvis" />
  </ItemGroup>
</Project>